
Microsoft Visual Studio Solution File, Format Version 12.00
# Visual Studio Version 17
VisualStudioVersion = 17.3.32804.467
MinimumVisualStudioVersion = 10.0.40219.1
Project("{9A19103F-16F7-4668-BE54-9A1E7A4F7556}") = "lambda-net6-container-image", "lambda-net6-container-image\lambda-net6-container-image.csproj", "{A33EA34F-967B-4181-8F44-65AADEDA3E63}"
EndProject
Project("{9A19103F-16F7-4668-BE54-9A1E7A4F7556}") = "lambda-net6-container-image.Tests", "lambda-net6-container-image.Tests\lambda-net6-container-image.Tests.csproj", "{85EC3A04-7B44-408D-BDD5-7807B12E4D50}"
EndProject
Global
	GlobalSection(SolutionConfigurationPlatforms) = preSolution
		Debug|Any CPU = Debug|Any CPU
		Release|Any CPU = Release|Any CPU
	EndGlobalSection
	GlobalSection(ProjectConfigurationPlatforms) = postSolution
		{A33EA34F-967B-4181-8F44-65AADEDA3E63}.Debug|Any CPU.ActiveCfg = Debug|Any CPU
		{A33EA34F-967B-4181-8F44-65AADEDA3E63}.Debug|Any CPU.Build.0 = Debug|Any CPU
		{A33EA34F-967B-4181-8F44-65AADEDA3E63}.Release|Any CPU.ActiveCfg = Release|Any CPU
		{A33EA34F-967B-4181-8F44-65AADEDA3E63}.Release|Any CPU.Build.0 = Release|Any CPU
		{85EC3A04-7B44-408D-BDD5-7807B12E4D50}.Debug|Any CPU.ActiveCfg = Debug|Any CPU
		{85EC3A04-7B44-408D-BDD5-7807B12E4D50}.Debug|Any CPU.Build.0 = Debug|Any CPU
		{85EC3A04-7B44-408D-BDD5-7807B12E4D50}.Release|Any CPU.ActiveCfg = Release|Any CPU
		{85EC3A04-7B44-408D-BDD5-7807B12E4D50}.Release|Any CPU.Build.0 = Release|Any CPU
	EndGlobalSection
	GlobalSection(SolutionProperties) = preSolution
		HideSolutionNode = FALSE
	EndGlobalSection
	GlobalSection(ExtensibilityGlobals) = postSolution
		SolutionGuid = {C53DAA62-09BD-4AB7-81C0-0DBE80C9E1AC}
	EndGlobalSection
EndGlobal
